
Microsoft Visual Studio Solution File, Format Version 12.00
# Visual Studio Version 16
VisualStudioVersion = 16.0.30104.148
MinimumVisualStudioVersion = 10.0.40219.1
Project("{9A19103F-16F7-4668-BE54-9A1E7A4F7556}") = "TrCrex.Model", "TrCrexDeneme.Model\TrCrex.Model.csproj", "{AFCA9ADC-E6A2-4BF8-A25B-3CFDF9009296}"
EndProject
Project("{9A19103F-16F7-4668-BE54-9A1E7A4F7556}") = "TrCrex.Core", "TrCrexDeneme.Core\TrCrex.Core.csproj", "{050E994F-2E07-4997-8DDC-3031CEB5C11E}"
EndProject
Project("{9A19103F-16F7-4668-BE54-9A1E7A4F7556}") = "TrCrex.Service", "TrCrexDeneme.Service\TrCrex.Service.csproj", "{ADD3DE72-14A2-4CA5-AFAA-46B18A4804E2}"
EndProject
Project("{9A19103F-16F7-4668-BE54-9A1E7A4F7556}") = "TrCrex.Auth", "TrCrexDeneme.Auth\TrCrex.Auth.csproj", "{310BB07E-B32C-44E2-B0DA-4F3BFCA1454B}"
EndProject
Project("{9A19103F-16F7-4668-BE54-9A1E7A4F7556}") = "TrCrex.Web", "TrCrexDeneme.Web\TrCrex.Web.csproj", "{D62E5DCB-E0D3-414E-A0B0-78C35E62496F}"
EndProject
Global
	GlobalSection(SolutionConfigurationPlatforms) = preSolution
		Debug|Any CPU = Debug|Any CPU
		Release|Any CPU = Release|Any CPU
	EndGlobalSection
	GlobalSection(ProjectConfigurationPlatforms) = postSolution
		{AFCA9ADC-E6A2-4BF8-A25B-3CFDF9009296}.Debug|Any CPU.ActiveCfg = Debug|Any CPU
		{AFCA9ADC-E6A2-4BF8-A25B-3CFDF9009296}.Debug|Any CPU.Build.0 = Debug|Any CPU
		{AFCA9ADC-E6A2-4BF8-A25B-3CFDF9009296}.Release|Any CPU.ActiveCfg = Release|Any CPU
		{AFCA9ADC-E6A2-4BF8-A25B-3CFDF9009296}.Release|Any CPU.Build.0 = Release|Any CPU
		{050E994F-2E07-4997-8DDC-3031CEB5C11E}.Debug|Any CPU.ActiveCfg = Debug|Any CPU
		{050E994F-2E07-4997-8DDC-3031CEB5C11E}.Debug|Any CPU.Build.0 = Debug|Any CPU
		{050E994F-2E07-4997-8DDC-3031CEB5C11E}.Release|Any CPU.ActiveCfg = Release|Any CPU
		{050E994F-2E07-4997-8DDC-3031CEB5C11E}.Release|Any CPU.Build.0 = Release|Any CPU
		{ADD3DE72-14A2-4CA5-AFAA-46B18A4804E2}.Debug|Any CPU.ActiveCfg = Debug|Any CPU
		{ADD3DE72-14A2-4CA5-AFAA-46B18A4804E2}.Debug|Any CPU.Build.0 = Debug|Any CPU
		{ADD3DE72-14A2-4CA5-AFAA-46B18A4804E2}.Release|Any CPU.ActiveCfg = Release|Any CPU
		{ADD3DE72-14A2-4CA5-AFAA-46B18A4804E2}.Release|Any CPU.Build.0 = Release|Any CPU
		{310BB07E-B32C-44E2-B0DA-4F3BFCA1454B}.Debug|Any CPU.ActiveCfg = Debug|Any CPU
		{310BB07E-B32C-44E2-B0DA-4F3BFCA1454B}.Debug|Any CPU.Build.0 = Debug|Any CPU
		{310BB07E-B32C-44E2-B0DA-4F3BFCA1454B}.Release|Any CPU.ActiveCfg = Release|Any CPU
		{310BB07E-B32C-44E2-B0DA-4F3BFCA1454B}.Release|Any CPU.Build.0 = Release|Any CPU
		{D62E5DCB-E0D3-414E-A0B0-78C35E62496F}.Debug|Any CPU.ActiveCfg = Debug|Any CPU
		{D62E5DCB-E0D3-414E-A0B0-78C35E62496F}.Debug|Any CPU.Build.0 = Debug|Any CPU
		{D62E5DCB-E0D3-414E-A0B0-78C35E62496F}.Release|Any CPU.ActiveCfg = Release|Any CPU
		{D62E5DCB-E0D3-414E-A0B0-78C35E62496F}.Release|Any CPU.Build.0 = Release|Any CPU
	EndGlobalSection
	GlobalSection(SolutionProperties) = preSolution
		HideSolutionNode = FALSE
	EndGlobalSection
	GlobalSection(ExtensibilityGlobals) = postSolution
		SolutionGuid = {40232E61-5660-4B50-B397-E83B9DDEC2B9}
	EndGlobalSection
EndGlobal
